
Microsoft Visual Studio Solution File, Format Version 12.00
# Visual Studio Version 17
VisualStudioVersion = 17.5.33516.290
MinimumVisualStudioVersion = 10.0.40219.1
Project("{8BC9CEB8-8B4A-11D0-8D11-00A0C91BC942}") = "PenguinGame", "PenguinGame\PenguinGame.vcxproj", "{3A8A5B63-BB4D-4300-BD6E-0232EA4CA0B3}"
EndProject
Project("{2150E333-8FDC-42A3-9474-1A3956D46DE8}") = "Solution Items", "Solution Items", "{AE52CFE8-1D1D-4A2D-8487-A98836D0E49C}"
	ProjectSection(SolutionItems) = preProject
		PenguinGame\src\Game.cpp = PenguinGame\src\Game.cpp
		PenguinGame\src\main.cpp = PenguinGame\src\main.cpp
		PenguinGame\src\State.cpp = PenguinGame\src\State.cpp
	EndProjectSection
EndProject
Global
	GlobalSection(SolutionConfigurationPlatforms) = preSolution
		Debug|x64 = Debug|x64
		Debug|x86 = Debug|x86
		Release|x64 = Release|x64
		Release|x86 = Release|x86
	EndGlobalSection
	GlobalSection(ProjectConfigurationPlatforms) = postSolution
		{3A8A5B63-BB4D-4300-BD6E-0232EA4CA0B3}.Debug|x64.ActiveCfg = Debug|x64
		{3A8A5B63-BB4D-4300-BD6E-0232EA4CA0B3}.Debug|x64.Build.0 = Debug|x64
		{3A8A5B63-BB4D-4300-BD6E-0232EA4CA0B3}.Debug|x86.ActiveCfg = Debug|Win32
		{3A8A5B63-BB4D-4300-BD6E-0232EA4CA0B3}.Debug|x86.Build.0 = Debug|Win32
		{3A8A5B63-BB4D-4300-BD6E-0232EA4CA0B3}.Release|x64.ActiveCfg = Release|x64
		{3A8A5B63-BB4D-4300-BD6E-0232EA4CA0B3}.Release|x64.Build.0 = Release|x64
		{3A8A5B63-BB4D-4300-BD6E-0232EA4CA0B3}.Release|x86.ActiveCfg = Release|Win32
		{3A8A5B63-BB4D-4300-BD6E-0232EA4CA0B3}.Release|x86.Build.0 = Release|Win32
	EndGlobalSection
	GlobalSection(SolutionProperties) = preSolution
		HideSolutionNode = FALSE
	EndGlobalSection
	GlobalSection(ExtensibilityGlobals) = postSolution
		SolutionGuid = {D90023DE-1332-4BC2-8F08-911BDD871FE3}
	EndGlobalSection
EndGlobal
